
Microsoft Visual Studio Solution File, Format Version 12.00
# Visual Studio Version 17
VisualStudioVersion = 17.8.34525.116
MinimumVisualStudioVersion = 10.0.40219.1
Project("{9A19103F-16F7-4668-BE54-9A1E7A4F7556}") = "ChessnoorPrototype", "ChessnoorPrototype.csproj", "{F42B72A3-C356-45CF-BB4F-EDB094F6A98F}"
EndProject
Project("{9A19103F-16F7-4668-BE54-9A1E7A4F7556}") = "WPFClient", "..\WPFClient\WPFClient.csproj", "{8E6E0CD3-1ED0-4067-9996-81A50E51CE3C}"
EndProject
Global
	GlobalSection(SolutionConfigurationPlatforms) = preSolution
		Debug|Any CPU = Debug|Any CPU
		Release|Any CPU = Release|Any CPU
	EndGlobalSection
	GlobalSection(ProjectConfigurationPlatforms) = postSolution
		{F42B72A3-C356-45CF-BB4F-EDB094F6A98F}.Debug|Any CPU.ActiveCfg = Debug|Any CPU
		{F42B72A3-C356-45CF-BB4F-EDB094F6A98F}.Debug|Any CPU.Build.0 = Debug|Any CPU
		{F42B72A3-C356-45CF-BB4F-EDB094F6A98F}.Release|Any CPU.ActiveCfg = Release|Any CPU
		{F42B72A3-C356-45CF-BB4F-EDB094F6A98F}.Release|Any CPU.Build.0 = Release|Any CPU
		{8E6E0CD3-1ED0-4067-9996-81A50E51CE3C}.Debug|Any CPU.ActiveCfg = Debug|Any CPU
		{8E6E0CD3-1ED0-4067-9996-81A50E51CE3C}.Debug|Any CPU.Build.0 = Debug|Any CPU
		{8E6E0CD3-1ED0-4067-9996-81A50E51CE3C}.Release|Any CPU.ActiveCfg = Release|Any CPU
		{8E6E0CD3-1ED0-4067-9996-81A50E51CE3C}.Release|Any CPU.Build.0 = Release|Any CPU
	EndGlobalSection
	GlobalSection(SolutionProperties) = preSolution
		HideSolutionNode = FALSE
	EndGlobalSection
	GlobalSection(ExtensibilityGlobals) = postSolution
		SolutionGuid = {716C0EB3-2B29-42C9-8500-988121A9B243}
	EndGlobalSection
EndGlobal
